
Microsoft Visual Studio Solution File, Format Version 11.00
# Visual Studio 2010
Project("{FAE04EC0-301F-11D3-BF4B-00C04F79EFBC}") = "MyPlayer", "MediaPlayer\MyPlayer.csproj", "{9FF865EF-7FAC-42AE-9A8D-86023D559A0C}"
EndProject
Project("{FAE04EC0-301F-11D3-BF4B-00C04F79EFBC}") = "Attribute", "AttributeTudou\Attribute.csproj", "{3321996D-A5FF-4556-AE4B-05CBF6EA4F23}"
EndProject
Global
	GlobalSection(SolutionConfigurationPlatforms) = preSolution
		Debug|Any CPU = Debug|Any CPU
		Release|Any CPU = Release|Any CPU
	EndGlobalSection
	GlobalSection(ProjectConfigurationPlatforms) = postSolution
		{9FF865EF-7FAC-42AE-9A8D-86023D559A0C}.Debug|Any CPU.ActiveCfg = Debug|Any CPU
		{9FF865EF-7FAC-42AE-9A8D-86023D559A0C}.Debug|Any CPU.Build.0 = Debug|Any CPU
		{9FF865EF-7FAC-42AE-9A8D-86023D559A0C}.Release|Any CPU.ActiveCfg = Release|Any CPU
		{9FF865EF-7FAC-42AE-9A8D-86023D559A0C}.Release|Any CPU.Build.0 = Release|Any CPU
		{3321996D-A5FF-4556-AE4B-05CBF6EA4F23}.Debug|Any CPU.ActiveCfg = Debug|Any CPU
		{3321996D-A5FF-4556-AE4B-05CBF6EA4F23}.Debug|Any CPU.Build.0 = Debug|Any CPU
		{3321996D-A5FF-4556-AE4B-05CBF6EA4F23}.Release|Any CPU.ActiveCfg = Release|Any CPU
		{3321996D-A5FF-4556-AE4B-05CBF6EA4F23}.Release|Any CPU.Build.0 = Release|Any CPU
	EndGlobalSection
	GlobalSection(SolutionProperties) = preSolution
		HideSolutionNode = FALSE
	EndGlobalSection
EndGlobal
